
Microsoft Visual Studio Solution File, Format Version 12.00
# Visual Studio 15
VisualStudioVersion = 15.0.27428.2011
MinimumVisualStudioVersion = 10.0.40219.1
Project("{FAE04EC0-301F-11D3-BF4B-00C04F79EFBC}") = "UserApi", "UserApi\UserApi.csproj", "{7CA4967F-447D-4C35-98BE-9A0AF379F5EB}"
EndProject
Global
	GlobalSection(SolutionConfigurationPlatforms) = preSolution
		Debug|Any CPU = Debug|Any CPU
		Release|Any CPU = Release|Any CPU
	EndGlobalSection
	GlobalSection(ProjectConfigurationPlatforms) = postSolution
		{7CA4967F-447D-4C35-98BE-9A0AF379F5EB}.Debug|Any CPU.ActiveCfg = Debug|Any CPU
		{7CA4967F-447D-4C35-98BE-9A0AF379F5EB}.Debug|Any CPU.Build.0 = Debug|Any CPU
		{7CA4967F-447D-4C35-98BE-9A0AF379F5EB}.Release|Any CPU.ActiveCfg = Release|Any CPU
		{7CA4967F-447D-4C35-98BE-9A0AF379F5EB}.Release|Any CPU.Build.0 = Release|Any CPU
	EndGlobalSection
	GlobalSection(SolutionProperties) = preSolution
		HideSolutionNode = FALSE
	EndGlobalSection
	GlobalSection(ExtensibilityGlobals) = postSolution
		SolutionGuid = {B017C9F3-3924-4563-AC53-0A256B69B756}
	EndGlobalSection
EndGlobal
